schema: '2.0'
stages:
  get_data:
    cmd: python src/stage_01_get_data.py --config=configs/config.yaml --credentials=configs/credentials.yaml
    deps:
    - path: configs/config.yaml
      md5: 076cd0ad7dad1761512a1f4b2b485ba5
      size: 351
    - path: configs/credentials.yaml
      md5: 5db30fedd64f6ea9e5891a86fa25bd45
      size: 162
    - path: src/stage_01_get_data.py
      md5: 93a71d85073f90320916d46bd42e5f57
      size: 2652
    - path: src/utils/common.py
      md5: 7595376ffd237ef41a88ee9309a56c6f
      size: 510
    outs:
    - path: data/extracted_data/products.csv
      md5: 5d201c3460df191343f13daea60428b0
      size: 89532
  processing_data:
    cmd: python src/stage_02_preprocessing.py --config=configs/config.yaml
    deps:
    - path: configs/config.yaml
      md5: 16864f6eb5b74420c25c5c1aba8b601f
      size: 351
    - path: src/DictionaryUtils/company_tags.txt
      md5: 1dde0407bf8beb8dc5eede03a6872957
      size: 232
    - path: src/DictionaryUtils/english_profanity_google.txt
      md5: 280c0a9727d2bded00c5ab9010f88eba
      size: 2854
    - path: src/stage_02_preprocessing.py
      md5: 576eb317c71bc6f5dfea5e86415acc59
      size: 8992
    outs:
    - path: data/processed_data/processed.csv
      md5: 9b26656c15d3b6bc0ac1d6c17b5314ac
      size: 89658
  feature_engineering:
    cmd: python src/stage_03_feature_engineering.py --config=configs/config.yaml
    deps:
    - path: configs/config.yaml
      md5: 076cd0ad7dad1761512a1f4b2b485ba5
      size: 351
    - path: src/DictionaryUtils/service_tagger.txt
      md5: 7b5bb04089f079a0d1d7d5c12e178c67
      size: 607
    - path: src/stage_03_feature_engineering.py
      md5: 830a909531b479f6eb5ed5b278381912
      size: 7299
    outs:
    - path: data/feature_processed/feature.csv
      md5: 5c04f73f176a96d24b07f38ffb9d45dc
      size: 191976
  preprocessing_data:
    cmd: python src/stage_02_preprocessing.py --config=configs/config.yaml
    deps:
    - path: configs/config.yaml
      md5: 076cd0ad7dad1761512a1f4b2b485ba5
      size: 351
    - path: src/DictionaryUtils/company_tags.txt
      md5: 1dde0407bf8beb8dc5eede03a6872957
      size: 232
    - path: src/DictionaryUtils/english_profanity_google.txt
      md5: 280c0a9727d2bded00c5ab9010f88eba
      size: 2854
    - path: src/stage_02_preprocessing.py
      md5: faee85649765419a4209c275d717a9ad
      size: 9019
    outs:
    - path: data/processed_data/processed.csv
      md5: 9b26656c15d3b6bc0ac1d6c17b5314ac
      size: 89658
